// !$*UTF8*$!
{
	archiveVersion = 1;
	classes = {
	};
	objectVersion = 55;
	objects = {

/* Begin PBXBuildFile section */
		3F4148BE9030F448512D5259 /* Pods_TodoApp_TodoAppUITests.framework in Frameworks */ = {isa = PBXBuildFile; fileRef = E9A06357E27E8C50FB571D60 /* Pods_TodoApp_TodoAppUITests.framework */; };
		6E4C343C2BA815B3FD855074 /* Pods_TodoApp.framework in Frameworks */ = {isa = PBXBuildFile; fileRef = E6732D629F76ED951E92CCBA /* Pods_TodoApp.framework */; };
		C46C2940283160D90090B749 /* HomeViewController.swift in Sources */ = {isa = PBXBuildFile; fileRef = C46C293E283160D90090B749 /* HomeViewController.swift */; };
		C46C2941283160D90090B749 /* HomeViewController.xib in Resources */ = {isa = PBXBuildFile; fileRef = C46C293F283160D90090B749 /* HomeViewController.xib */; };
		C46C2945283161A50090B749 /* BaseViewController.swift in Sources */ = {isa = PBXBuildFile; fileRef = C46C2944283161A50090B749 /* BaseViewController.swift */; };
		C47018FA28315F9F00F6D6D6 /* AppDelegate.swift in Sources */ = {isa = PBXBuildFile; fileRef = C47018F928315F9F00F6D6D6 /* AppDelegate.swift */; };
		C470190428315F9F00F6D6D6 /* TodoApp.xcdatamodeld in Sources */ = {isa = PBXBuildFile; fileRef = C470190228315F9F00F6D6D6 /* TodoApp.xcdatamodeld */; };
		C470190628315FA100F6D6D6 /* Assets.xcassets in Resources */ = {isa = PBXBuildFile; fileRef = C470190528315FA100F6D6D6 /* Assets.xcassets */; };
		C470190928315FA100F6D6D6 /* LaunchScreen.storyboard in Resources */ = {isa = PBXBuildFile; fileRef = C470190728315FA100F6D6D6 /* LaunchScreen.storyboard */; };
		C470191428315FA100F6D6D6 /* TodoAppTests.swift in Sources */ = {isa = PBXBuildFile; fileRef = C470191328315FA100F6D6D6 /* TodoAppTests.swift */; };
		C470191E28315FA100F6D6D6 /* TodoAppUITests.swift in Sources */ = {isa = PBXBuildFile; fileRef = C470191D28315FA100F6D6D6 /* TodoAppUITests.swift */; };
		C470192028315FA100F6D6D6 /* TodoAppUITestsLaunchTests.swift in Sources */ = {isa = PBXBuildFile; fileRef = C470191F28315FA100F6D6D6 /* TodoAppUITestsLaunchTests.swift */; };
		C4B43AC828327B5500127B6F /* NetworkConfig.swift in Sources */ = {isa = PBXBuildFile; fileRef = C4B43AC728327B5500127B6F /* NetworkConfig.swift */; };
		C4B43ACB28327DAD00127B6F /* ContactModel.swift in Sources */ = {isa = PBXBuildFile; fileRef = C4B43ACA28327DAD00127B6F /* ContactModel.swift */; };
		C4B43ACE28327E5E00127B6F /* DeviceModel.swift in Sources */ = {isa = PBXBuildFile; fileRef = C4B43ACD28327E5E00127B6F /* DeviceModel.swift */; };
		C4B43AD128327F8100127B6F /* BaseAPIs.swift in Sources */ = {isa = PBXBuildFile; fileRef = C4B43AD028327F8100127B6F /* BaseAPIs.swift */; };
		C4B43AD328327FFB00127B6F /* KzError.swift in Sources */ = {isa = PBXBuildFile; fileRef = C4B43AD228327FFB00127B6F /* KzError.swift */; };
		C4B43AD52832801E00127B6F /* KzNetwork.swift in Sources */ = {isa = PBXBuildFile; fileRef = C4B43AD42832801E00127B6F /* KzNetwork.swift */; };
		C4B43AD7283280BF00127B6F /* BaseResult.swift in Sources */ = {isa = PBXBuildFile; fileRef = C4B43AD6283280BF00127B6F /* BaseResult.swift */; };
		C4B43AD9283280E900127B6F /* KzAPIClient.swift in Sources */ = {isa = PBXBuildFile; fileRef = C4B43AD8283280E900127B6F /* KzAPIClient.swift */; };
		C4B43ADB2832813600127B6F /* KzNetworkServices.swift in Sources */ = {isa = PBXBuildFile; fileRef = C4B43ADA2832813600127B6F /* KzNetworkServices.swift */; };
		C4B43ADD2832854900127B6F /* ContactAPIs.swift in Sources */ = {isa = PBXBuildFile; fileRef = C4B43ADC2832854900127B6F /* ContactAPIs.swift */; };
		C4B43ADF283285B600127B6F /* DeviceAPIs.swift in Sources */ = {isa = PBXBuildFile; fileRef = C4B43ADE283285B600127B6F /* DeviceAPIs.swift */; };
		C4B43AE128329E6500127B6F /* RxNetworking.swift in Sources */ = {isa = PBXBuildFile; fileRef = C4B43AE028329E6500127B6F /* RxNetworking.swift */; };
		C4B43AE42832A3D900127B6F /* UIView+Extensions.swift in Sources */ = {isa = PBXBuildFile; fileRef = C4B43AE32832A3D900127B6F /* UIView+Extensions.swift */; };
		C4B43AE62832A3F800127B6F /* UIImage+Extensions.swift in Sources */ = {isa = PBXBuildFile; fileRef = C4B43AE52832A3F800127B6F /* UIImage+Extensions.swift */; };
		C4B43AE82832A77000127B6F /* BaseViewController+Rx.swift in Sources */ = {isa = PBXBuildFile; fileRef = C4B43AE72832A77000127B6F /* BaseViewController+Rx.swift */; };
		C4B43AEA2832A7C700127B6F /* ErrorAction.swift in Sources */ = {isa = PBXBuildFile; fileRef = C4B43AE92832A7C700127B6F /* ErrorAction.swift */; };
		C4B43AEC2832A80F00127B6F /* BaseViewController+ErrorHandler.swift in Sources */ = {isa = PBXBuildFile; fileRef = C4B43AEB2832A80F00127B6F /* BaseViewController+ErrorHandler.swift */; };
		C4B43AEF2832A8BC00127B6F /* ToastView.swift in Sources */ = {isa = PBXBuildFile; fileRef = C4B43AEE2832A8BC00127B6F /* ToastView.swift */; };
		C4B43AF12832A92B00127B6F /* AlertHelper.swift in Sources */ = {isa = PBXBuildFile; fileRef = C4B43AF02832A92B00127B6F /* AlertHelper.swift */; };
		C4B43AF32832A96000127B6F /* ScreenCoordinator.swift in Sources */ = {isa = PBXBuildFile; fileRef = C4B43AF22832A96000127B6F /* ScreenCoordinator.swift */; };
		C4B43AF62832B8C500127B6F /* ViewModelTransformable.swift in Sources */ = {isa = PBXBuildFile; fileRef = C4B43AF52832B8C500127B6F /* ViewModelTransformable.swift */; };
		C4B43AF82832B91800127B6F /* BaseViewModel.swift in Sources */ = {isa = PBXBuildFile; fileRef = C4B43AF72832B91800127B6F /* BaseViewModel.swift */; };
		C4B43AFA2832B97000127B6F /* ViewModelTrackable.swift in Sources */ = {isa = PBXBuildFile; fileRef = C4B43AF92832B97000127B6F /* ViewModelTrackable.swift */; };
		C4B43AFC2832B99600127B6F /* ActivityIndicator.swift in Sources */ = {isa = PBXBuildFile; fileRef = C4B43AFB2832B99600127B6F /* ActivityIndicator.swift */; };
		C4B43AFE2832B9CD00127B6F /* ErrorTracker.swift in Sources */ = {isa = PBXBuildFile; fileRef = C4B43AFD2832B9CD00127B6F /* ErrorTracker.swift */; };
		C4B43B002832BA5700127B6F /* Optional+Additional.swift in Sources */ = {isa = PBXBuildFile; fileRef = C4B43AFF2832BA5700127B6F /* Optional+Additional.swift */; };
		C4B43B022832BAD600127B6F /* HomeViewModel.swift in Sources */ = {isa = PBXBuildFile; fileRef = C4B43B012832BAD600127B6F /* HomeViewModel.swift */; };
		C4B43B042832BCE100127B6F /* RxSwift+Extensions.swift in Sources */ = {isa = PBXBuildFile; fileRef = C4B43B032832BCE100127B6F /* RxSwift+Extensions.swift */; };
		C4B43B0D2832BFA500127B6F /* ListContactViewController.swift in Sources */ = {isa = PBXBuildFile; fileRef = C4B43B0B2832BFA500127B6F /* ListContactViewController.swift */; };
		C4B43B0E2832BFA500127B6F /* ListContactViewController.xib in Resources */ = {isa = PBXBuildFile; fileRef = C4B43B0C2832BFA500127B6F /* ListContactViewController.xib */; };
		C4B43B102832BFB900127B6F /* ListContactViewModel.swift in Sources */ = {isa = PBXBuildFile; fileRef = C4B43B0F2832BFB900127B6F /* ListContactViewModel.swift */; };
		C4B43B122832C0DD00127B6F /* ListBuyViewModel.swift in Sources */ = {isa = PBXBuildFile; fileRef = C4B43B112832C0DD00127B6F /* ListBuyViewModel.swift */; };
		C4B43B152832C14800127B6F /* ListDeviceViewController.swift in Sources */ = {isa = PBXBuildFile; fileRef = C4B43B132832C14800127B6F /* ListDeviceViewController.swift */; };
		C4B43B162832C14800127B6F /* ListDeviceViewController.xib in Resources */ = {isa = PBXBuildFile; fileRef = C4B43B142832C14800127B6F /* ListDeviceViewController.xib */; };
		C4B43B1A2832C79B00127B6F /* DeviceCell.swift in Sources */ = {isa = PBXBuildFile; fileRef = C4B43B182832C79B00127B6F /* DeviceCell.swift */; };
		C4B43B1B2832C79B00127B6F /* DeviceCell.xib in Resources */ = {isa = PBXBuildFile; fileRef = C4B43B192832C79B00127B6F /* DeviceCell.xib */; };
		C4B43B1D2832C81600127B6F /* UITableView+Extensions.swift in Sources */ = {isa = PBXBuildFile; fileRef = C4B43B1C2832C81600127B6F /* UITableView+Extensions.swift */; };
		C4B43B212832CDB300127B6F /* ContactCell.swift in Sources */ = {isa = PBXBuildFile; fileRef = C4B43B1F2832CDB300127B6F /* ContactCell.swift */; };
		C4B43B222832CDB300127B6F /* ContactCell.xib in Resources */ = {isa = PBXBuildFile; fileRef = C4B43B202832CDB300127B6F /* ContactCell.xib */; };
		E5CD420690BBF8B5873743A1 /* Pods_TodoAppTests.framework in Frameworks */ = {isa = PBXBuildFile; fileRef = 3A328E26D9B202D8377E78F7 /* Pods_TodoAppTests.framework */; };
/* End PBXBuildFile section */

/* Begin PBXContainerItemProxy section */
		C470191028315FA100F6D6D6 /* PBXContainerItemProxy */ = {
			isa = PBXContainerItemProxy;
			containerPortal = C47018EE28315F9F00F6D6D6 /* Project object */;
			proxyType = 1;
			remoteGlobalIDString = C47018F528315F9F00F6D6D6;
			remoteInfo = TodoApp;
		};
		C470191A28315FA100F6D6D6 /* PBXContainerItemProxy */ = {
			isa = PBXContainerItemProxy;
			containerPortal = C47018EE28315F9F00F6D6D6 /* Project object */;
			proxyType = 1;
			remoteGlobalIDString = C47018F528315F9F00F6D6D6;
			remoteInfo = TodoApp;
		};
/* End PBXContainerItemProxy section */

/* Begin PBXFileReference section */
		0E6ED1B976F2A15136B38E6F /* Pods-TodoApp-TodoAppUITests.debug.xcconfig */ = {isa = PBXFileReference; includeInIndex = 1; lastKnownFileType = text.xcconfig; name = "Pods-TodoApp-TodoAppUITests.debug.xcconfig"; path = "Target Support Files/Pods-TodoApp-TodoAppUITests/Pods-TodoApp-TodoAppUITests.debug.xcconfig"; sourceTree = "<group>"; };
		19FE9DF0F8199E68CDD114A1 /* Pods-TodoAppTests.release.xcconfig */ = {isa = PBXFileReference; includeInIndex = 1; lastKnownFileType = text.xcconfig; name = "Pods-TodoAppTests.release.xcconfig"; path = "Target Support Files/Pods-TodoAppTests/Pods-TodoAppTests.release.xcconfig"; sourceTree = "<group>"; };
		370748B5B2340FC2A213A691 /* Pods-TodoApp.release.xcconfig */ = {isa = PBXFileReference; includeInIndex = 1; lastKnownFileType = text.xcconfig; name = "Pods-TodoApp.release.xcconfig"; path = "Target Support Files/Pods-TodoApp/Pods-TodoApp.release.xcconfig"; sourceTree = "<group>"; };
		3A328E26D9B202D8377E78F7 /* Pods_TodoAppTests.framework */ = {isa = PBXFileReference; explicitFileType = wrapper.framework; includeInIndex = 0; path = Pods_TodoAppTests.framework; sourceTree = BUILT_PRODUCTS_DIR; };
		4517051F9AA181AB8D55D18D /* Pods-TodoAppTests.debug.xcconfig */ = {isa = PBXFileReference; includeInIndex = 1; lastKnownFileType = text.xcconfig; name = "Pods-TodoAppTests.debug.xcconfig"; path = "Target Support Files/Pods-TodoAppTests/Pods-TodoAppTests.debug.xcconfig"; sourceTree = "<group>"; };
		A7F41F86B08FFFEDEB015988 /* Pods-TodoApp.debug.xcconfig */ = {isa = PBXFileReference; includeInIndex = 1; lastKnownFileType = text.xcconfig; name = "Pods-TodoApp.debug.xcconfig"; path = "Target Support Files/Pods-TodoApp/Pods-TodoApp.debug.xcconfig"; sourceTree = "<group>"; };
		C46C293E283160D90090B749 /* HomeViewController.swift */ = {isa = PBXFileReference; lastKnownFileType = sourcecode.swift; path = HomeViewController.swift; sourceTree = "<group>"; };
		C46C293F283160D90090B749 /* HomeViewController.xib */ = {isa = PBXFileReference; lastKnownFileType = file.xib; path = HomeViewController.xib; sourceTree = "<group>"; };
		C46C2944283161A50090B749 /* BaseViewController.swift */ = {isa = PBXFileReference; lastKnownFileType = sourcecode.swift; path = BaseViewController.swift; sourceTree = "<group>"; };
		C47018F628315F9F00F6D6D6 /* TodoApp.app */ = {isa = PBXFileReference; explicitFileType = wrapper.application; includeInIndex = 0; path = TodoApp.app; sourceTree = BUILT_PRODUCTS_DIR; };
		C47018F928315F9F00F6D6D6 /* AppDelegate.swift */ = {isa = PBXFileReference; lastKnownFileType = sourcecode.swift; path = AppDelegate.swift; sourceTree = "<group>"; };
		C470190328315F9F00F6D6D6 /* TodoApp.xcdatamodel */ = {isa = PBXFileReference; lastKnownFileType = wrapper.xcdatamodel; path = TodoApp.xcdatamodel; sourceTree = "<group>"; };
		C470190528315FA100F6D6D6 /* Assets.xcassets */ = {isa = PBXFileReference; lastKnownFileType = folder.assetcatalog; path = Assets.xcassets; sourceTree = "<group>"; };
		C470190828315FA100F6D6D6 /* Base */ = {isa = PBXFileReference; lastKnownFileType = file.storyboard; name = Base; path = Base.lproj/LaunchScreen.storyboard; sourceTree = "<group>"; };
		C470190A28315FA100F6D6D6 /* Info.plist */ = {isa = PBXFileReference; lastKnownFileType = text.plist.xml; path = Info.plist; sourceTree = "<group>"; };
		C470190F28315FA100F6D6D6 /* TodoAppTests.xctest */ = {isa = PBXFileReference; explicitFileType = wrapper.cfbundle; includeInIndex = 0; path = TodoAppTests.xctest; sourceTree = BUILT_PRODUCTS_DIR; };
		C470191328315FA100F6D6D6 /* TodoAppTests.swift */ = {isa = PBXFileReference; lastKnownFileType = sourcecode.swift; path = TodoAppTests.swift; sourceTree = "<group>"; };
		C470191928315FA100F6D6D6 /* TodoAppUITests.xctest */ = {isa = PBXFileReference; explicitFileType = wrapper.cfbundle; includeInIndex = 0; path = TodoAppUITests.xctest; sourceTree = BUILT_PRODUCTS_DIR; };
		C470191D28315FA100F6D6D6 /* TodoAppUITests.swift */ = {isa = PBXFileReference; lastKnownFileType = sourcecode.swift; path = TodoAppUITests.swift; sourceTree = "<group>"; };
		C470191F28315FA100F6D6D6 /* TodoAppUITestsLaunchTests.swift */ = {isa = PBXFileReference; lastKnownFileType = sourcecode.swift; path = TodoAppUITestsLaunchTests.swift; sourceTree = "<group>"; };
		C4B43AC728327B5500127B6F /* NetworkConfig.swift */ = {isa = PBXFileReference; lastKnownFileType = sourcecode.swift; path = NetworkConfig.swift; sourceTree = "<group>"; };
		C4B43ACA28327DAD00127B6F /* ContactModel.swift */ = {isa = PBXFileReference; lastKnownFileType = sourcecode.swift; path = ContactModel.swift; sourceTree = "<group>"; };
		C4B43ACD28327E5E00127B6F /* DeviceModel.swift */ = {isa = PBXFileReference; lastKnownFileType = sourcecode.swift; path = DeviceModel.swift; sourceTree = "<group>"; };
		C4B43AD028327F8100127B6F /* BaseAPIs.swift */ = {isa = PBXFileReference; lastKnownFileType = sourcecode.swift; path = BaseAPIs.swift; sourceTree = "<group>"; };
		C4B43AD228327FFB00127B6F /* KzError.swift */ = {isa = PBXFileReference; lastKnownFileType = sourcecode.swift; path = KzError.swift; sourceTree = "<group>"; };
		C4B43AD42832801E00127B6F /* KzNetwork.swift */ = {isa = PBXFileReference; lastKnownFileType = sourcecode.swift; path = KzNetwork.swift; sourceTree = "<group>"; };
		C4B43AD6283280BF00127B6F /* BaseResult.swift */ = {isa = PBXFileReference; lastKnownFileType = sourcecode.swift; path = BaseResult.swift; sourceTree = "<group>"; };
		C4B43AD8283280E900127B6F /* KzAPIClient.swift */ = {isa = PBXFileReference; lastKnownFileType = sourcecode.swift; path = KzAPIClient.swift; sourceTree = "<group>"; };
		C4B43ADA2832813600127B6F /* KzNetworkServices.swift */ = {isa = PBXFileReference; lastKnownFileType = sourcecode.swift; path = KzNetworkServices.swift; sourceTree = "<group>"; };
		C4B43ADC2832854900127B6F /* ContactAPIs.swift */ = {isa = PBXFileReference; lastKnownFileType = sourcecode.swift; path = ContactAPIs.swift; sourceTree = "<group>"; };
		C4B43ADE283285B600127B6F /* DeviceAPIs.swift */ = {isa = PBXFileReference; lastKnownFileType = sourcecode.swift; path = DeviceAPIs.swift; sourceTree = "<group>"; };
		C4B43AE028329E6500127B6F /* RxNetworking.swift */ = {isa = PBXFileReference; lastKnownFileType = sourcecode.swift; path = RxNetworking.swift; sourceTree = "<group>"; };
		C4B43AE32832A3D900127B6F /* UIView+Extensions.swift */ = {isa = PBXFileReference; lastKnownFileType = sourcecode.swift; path = "UIView+Extensions.swift"; sourceTree = "<group>"; };
		C4B43AE52832A3F800127B6F /* UIImage+Extensions.swift */ = {isa = PBXFileReference; lastKnownFileType = sourcecode.swift; path = "UIImage+Extensions.swift"; sourceTree = "<group>"; };
		C4B43AE72832A77000127B6F /* BaseViewController+Rx.swift */ = {isa = PBXFileReference; lastKnownFileType = sourcecode.swift; path = "BaseViewController+Rx.swift"; sourceTree = "<group>"; };
		C4B43AE92832A7C700127B6F /* ErrorAction.swift */ = {isa = PBXFileReference; lastKnownFileType = sourcecode.swift; path = ErrorAction.swift; sourceTree = "<group>"; };
		C4B43AEB2832A80F00127B6F /* BaseViewController+ErrorHandler.swift */ = {isa = PBXFileReference; lastKnownFileType = sourcecode.swift; path = "BaseViewController+ErrorHandler.swift"; sourceTree = "<group>"; };
		C4B43AEE2832A8BC00127B6F /* ToastView.swift */ = {isa = PBXFileReference; lastKnownFileType = sourcecode.swift; path = ToastView.swift; sourceTree = "<group>"; };
		C4B43AF02832A92B00127B6F /* AlertHelper.swift */ = {isa = PBXFileReference; lastKnownFileType = sourcecode.swift; path = AlertHelper.swift; sourceTree = "<group>"; };
		C4B43AF22832A96000127B6F /* ScreenCoordinator.swift */ = {isa = PBXFileReference; lastKnownFileType = sourcecode.swift; path = ScreenCoordinator.swift; sourceTree = "<group>"; };
		C4B43AF52832B8C500127B6F /* ViewModelTransformable.swift */ = {isa = PBXFileReference; lastKnownFileType = sourcecode.swift; path = ViewModelTransformable.swift; sourceTree = "<group>"; };
		C4B43AF72832B91800127B6F /* BaseViewModel.swift */ = {isa = PBXFileReference; lastKnownFileType = sourcecode.swift; path = BaseViewModel.swift; sourceTree = "<group>"; };
		C4B43AF92832B97000127B6F /* ViewModelTrackable.swift */ = {isa = PBXFileReference; lastKnownFileType = sourcecode.swift; path = ViewModelTrackable.swift; sourceTree = "<group>"; };
		C4B43AFB2832B99600127B6F /* ActivityIndicator.swift */ = {isa = PBXFileReference; lastKnownFileType = sourcecode.swift; path = ActivityIndicator.swift; sourceTree = "<group>"; };
		C4B43AFD2832B9CD00127B6F /* ErrorTracker.swift */ = {isa = PBXFileReference; lastKnownFileType = sourcecode.swift; path = ErrorTracker.swift; sourceTree = "<group>"; };
		C4B43AFF2832BA5700127B6F /* Optional+Additional.swift */ = {isa = PBXFileReference; lastKnownFileType = sourcecode.swift; path = "Optional+Additional.swift"; sourceTree = "<group>"; };
		C4B43B012832BAD600127B6F /* HomeViewModel.swift */ = {isa = PBXFileReference; lastKnownFileType = sourcecode.swift; path = HomeViewModel.swift; sourceTree = "<group>"; };
		C4B43B032832BCE100127B6F /* RxSwift+Extensions.swift */ = {isa = PBXFileReference; lastKnownFileType = sourcecode.swift; path = "RxSwift+Extensions.swift"; sourceTree = "<group>"; };
		C4B43B0B2832BFA500127B6F /* ListContactViewController.swift */ = {isa = PBXFileReference; lastKnownFileType = sourcecode.swift; path = ListContactViewController.swift; sourceTree = "<group>"; };
		C4B43B0C2832BFA500127B6F /* ListContactViewController.xib */ = {isa = PBXFileReference; lastKnownFileType = file.xib; path = ListContactViewController.xib; sourceTree = "<group>"; };
		C4B43B0F2832BFB900127B6F /* ListContactViewModel.swift */ = {isa = PBXFileReference; lastKnownFileType = sourcecode.swift; path = ListContactViewModel.swift; sourceTree = "<group>"; };
		C4B43B112832C0DD00127B6F /* ListBuyViewModel.swift */ = {isa = PBXFileReference; lastKnownFileType = sourcecode.swift; path = ListBuyViewModel.swift; sourceTree = "<group>"; };
		C4B43B132832C14800127B6F /* ListDeviceViewController.swift */ = {isa = PBXFileReference; lastKnownFileType = sourcecode.swift; path = ListDeviceViewController.swift; sourceTree = "<group>"; };
		C4B43B142832C14800127B6F /* ListDeviceViewController.xib */ = {isa = PBXFileReference; lastKnownFileType = file.xib; path = ListDeviceViewController.xib; sourceTree = "<group>"; };
		C4B43B182832C79B00127B6F /* DeviceCell.swift */ = {isa = PBXFileReference; lastKnownFileType = sourcecode.swift; path = DeviceCell.swift; sourceTree = "<group>"; };
		C4B43B192832C79B00127B6F /* DeviceCell.xib */ = {isa = PBXFileReference; lastKnownFileType = file.xib; path = DeviceCell.xib; sourceTree = "<group>"; };
		C4B43B1C2832C81600127B6F /* UITableView+Extensions.swift */ = {isa = PBXFileReference; lastKnownFileType = sourcecode.swift; path = "UITableView+Extensions.swift"; sourceTree = "<group>"; };
		C4B43B1F2832CDB300127B6F /* ContactCell.swift */ = {isa = PBXFileReference; lastKnownFileType = sourcecode.swift; path = ContactCell.swift; sourceTree = "<group>"; };
		C4B43B202832CDB300127B6F /* ContactCell.xib */ = {isa = PBXFileReference; lastKnownFileType = file.xib; path = ContactCell.xib; sourceTree = "<group>"; };
		E6732D629F76ED951E92CCBA /* Pods_TodoApp.framework */ = {isa = PBXFileReference; explicitFileType = wrapper.framework; includeInIndex = 0; path = Pods_TodoApp.framework; sourceTree = BUILT_PRODUCTS_DIR; };
		E9A06357E27E8C50FB571D60 /* Pods_TodoApp_TodoAppUITests.framework */ = {isa = PBXFileReference; explicitFileType = wrapper.framework; includeInIndex = 0; path = Pods_TodoApp_TodoAppUITests.framework; sourceTree = BUILT_PRODUCTS_DIR; };
		FFE156A94BF61AF234835EA7 /* Pods-TodoApp-TodoAppUITests.release.xcconfig */ = {isa = PBXFileReference; includeInIndex = 1; lastKnownFileType = text.xcconfig; name = "Pods-TodoApp-TodoAppUITests.release.xcconfig"; path = "Target Support Files/Pods-TodoApp-TodoAppUITests/Pods-TodoApp-TodoAppUITests.release.xcconfig"; sourceTree = "<group>"; };
/* End PBXFileReference section */

/* Begin PBXFrameworksBuildPhase section */
		C47018F328315F9F00F6D6D6 /* Frameworks */ = {
			isa = PBXFrameworksBuildPhase;
			buildActionMask = 2147483647;
			files = (
				6E4C343C2BA815B3FD855074 /* Pods_TodoApp.framework in Frameworks */,
			);
			runOnlyForDeploymentPostprocessing = 0;
		};
		C470190C28315FA100F6D6D6 /* Frameworks */ = {
			isa = PBXFrameworksBuildPhase;
			buildActionMask = 2147483647;
			files = (
				E5CD420690BBF8B5873743A1 /* Pods_TodoAppTests.framework in Frameworks */,
			);
			runOnlyForDeploymentPostprocessing = 0;
		};
		C470191628315FA100F6D6D6 /* Frameworks */ = {
			isa = PBXFrameworksBuildPhase;
			buildActionMask = 2147483647;
			files = (
				3F4148BE9030F448512D5259 /* Pods_TodoApp_TodoAppUITests.framework in Frameworks */,
			);
			runOnlyForDeploymentPostprocessing = 0;
		};
/* End PBXFrameworksBuildPhase section */

/* Begin PBXGroup section */
		87601BF967F4EBB1FCB8F94E /* Pods */ = {
			isa = PBXGroup;
			children = (
				A7F41F86B08FFFEDEB015988 /* Pods-TodoApp.debug.xcconfig */,
				370748B5B2340FC2A213A691 /* Pods-TodoApp.release.xcconfig */,
				0E6ED1B976F2A15136B38E6F /* Pods-TodoApp-TodoAppUITests.debug.xcconfig */,
				FFE156A94BF61AF234835EA7 /* Pods-TodoApp-TodoAppUITests.release.xcconfig */,
				4517051F9AA181AB8D55D18D /* Pods-TodoAppTests.debug.xcconfig */,
				19FE9DF0F8199E68CDD114A1 /* Pods-TodoAppTests.release.xcconfig */,
			);
			path = Pods;
			sourceTree = "<group>";
		};
		9D66B0CBC0A056D67B0DBF3E /* Frameworks */ = {
			isa = PBXGroup;
			children = (
				E6732D629F76ED951E92CCBA /* Pods_TodoApp.framework */,
				E9A06357E27E8C50FB571D60 /* Pods_TodoApp_TodoAppUITests.framework */,
				3A328E26D9B202D8377E78F7 /* Pods_TodoAppTests.framework */,
			);
			name = Frameworks;
			sourceTree = "<group>";
		};
		C46C293D283160C60090B749 /* Scences */ = {
			isa = PBXGroup;
			children = (
				C4B43AED2832A88A00127B6F /* Common */,
				C46C294B2831625B0090B749 /* ListBuy */,
				C46C294A283162520090B749 /* ListSell */,
				C46C2949283162460090B749 /* ListCall */,
				C46C2946283161B60090B749 /* Home */,
			);
			path = Scences;
			sourceTree = "<group>";
		};
		C46C29422831617B0090B749 /* Utils */ = {
			isa = PBXGroup;
			children = (
				C4B43AF22832A96000127B6F /* ScreenCoordinator.swift */,
			);
			path = Utils;
			sourceTree = "<group>";
		};
		C46C2943283161840090B749 /* Base */ = {
			isa = PBXGroup;
			children = (
				C4B43AF42832B8A100127B6F /* Rx */,
				C46C2944283161A50090B749 /* BaseViewController.swift */,
				C4B43AE92832A7C700127B6F /* ErrorAction.swift */,
				C4B43AF72832B91800127B6F /* BaseViewModel.swift */,
			);
			path = Base;
			sourceTree = "<group>";
		};
		C46C2946283161B60090B749 /* Home */ = {
			isa = PBXGroup;
			children = (
				C46C2947283161BE0090B749 /* View */,
				C46C2948283161C20090B749 /* ViewModel */,
			);
			path = Home;
			sourceTree = "<group>";
		};
		C46C2947283161BE0090B749 /* View */ = {
			isa = PBXGroup;
			children = (
				C46C293E283160D90090B749 /* HomeViewController.swift */,
				C46C293F283160D90090B749 /* HomeViewController.xib */,
			);
			path = View;
			sourceTree = "<group>";
		};
		C46C2948283161C20090B749 /* ViewModel */ = {
			isa = PBXGroup;
			children = (
				C4B43B012832BAD600127B6F /* HomeViewModel.swift */,
			);
			path = ViewModel;
			sourceTree = "<group>";
		};
		C46C2949283162460090B749 /* ListCall */ = {
			isa = PBXGroup;
			children = (
				C4B43B1E2832CD9D00127B6F /* CustomCell */,
				C4B43B052832BF3D00127B6F /* View */,
				C4B43B062832BF4300127B6F /* ViewModel */,
			);
			path = ListCall;
			sourceTree = "<group>";
		};
		C46C294A283162520090B749 /* ListSell */ = {
			isa = PBXGroup;
			children = (
				C4B43B072832BF4B00127B6F /* View */,
				C4B43B082832BF5300127B6F /* ViewModel */,
			);
			path = ListSell;
			sourceTree = "<group>";
		};
		C46C294B2831625B0090B749 /* ListBuy */ = {
			isa = PBXGroup;
			children = (
				C4B43B172832C77800127B6F /* CustomCell */,
				C4B43B092832BF6300127B6F /* View */,
				C4B43B0A2832BF6800127B6F /* ViewModel */,
			);
			path = ListBuy;
			sourceTree = "<group>";
		};
		C47018ED28315F9F00F6D6D6 = {
			isa = PBXGroup;
			children = (
				C47018F828315F9F00F6D6D6 /* TodoApp */,
				C470191228315FA100F6D6D6 /* TodoAppTests */,
				C470191C28315FA100F6D6D6 /* TodoAppUITests */,
				C47018F728315F9F00F6D6D6 /* Products */,
				87601BF967F4EBB1FCB8F94E /* Pods */,
				9D66B0CBC0A056D67B0DBF3E /* Frameworks */,
			);
			sourceTree = "<group>";
		};
		C47018F728315F9F00F6D6D6 /* Products */ = {
			isa = PBXGroup;
			children = (
				C47018F628315F9F00F6D6D6 /* TodoApp.app */,
				C470190F28315FA100F6D6D6 /* TodoAppTests.xctest */,
				C470191928315FA100F6D6D6 /* TodoAppUITests.xctest */,
			);
			name = Products;
			sourceTree = "<group>";
		};
		C47018F828315F9F00F6D6D6 /* TodoApp */ = {
			isa = PBXGroup;
			children = (
				C4B43AE22832A3C400127B6F /* Extension */,
				C4B43AC328327B0600127B6F /* Networking */,
				C46C2943283161840090B749 /* Base */,
				C46C29422831617B0090B749 /* Utils */,
				C46C293D283160C60090B749 /* Scences */,
				C47018F928315F9F00F6D6D6 /* AppDelegate.swift */,
				C470190528315FA100F6D6D6 /* Assets.xcassets */,
				C470190728315FA100F6D6D6 /* LaunchScreen.storyboard */,
				C470190A28315FA100F6D6D6 /* Info.plist */,
				C470190228315F9F00F6D6D6 /* TodoApp.xcdatamodeld */,
			);
			path = TodoApp;
			sourceTree = "<group>";
		};
		C470191228315FA100F6D6D6 /* TodoAppTests */ = {
			isa = PBXGroup;
			children = (
				C470191328315FA100F6D6D6 /* TodoAppTests.swift */,
			);
			path = TodoAppTests;
			sourceTree = "<group>";
		};
		C470191C28315FA100F6D6D6 /* TodoAppUITests */ = {
			isa = PBXGroup;
			children = (
				C470191D28315FA100F6D6D6 /* TodoAppUITests.swift */,
				C470191F28315FA100F6D6D6 /* TodoAppUITestsLaunchTests.swift */,
			);
			path = TodoAppUITests;
			sourceTree = "<group>";
		};
		C4B43AC328327B0600127B6F /* Networking */ = {
			isa = PBXGroup;
			children = (
				C4B43ACF28327F7200127B6F /* Base */,
				C4B43AC628327B4600127B6F /* Configs */,
				C4B43AC528327B2200127B6F /* Models */,
				C4B43AC428327B0E00127B6F /* APIs */,
			);
			path = Networking;
			sourceTree = "<group>";
		};
		C4B43AC428327B0E00127B6F /* APIs */ = {
			isa = PBXGroup;
			children = (
				C4B43ADC2832854900127B6F /* ContactAPIs.swift */,
				C4B43ADE283285B600127B6F /* DeviceAPIs.swift */,
			);
			path = APIs;
			sourceTree = "<group>";
		};
		C4B43AC528327B2200127B6F /* Models */ = {
			isa = PBXGroup;
			children = (
				C4B43ACC28327E5100127B6F /* Device */,
				C4B43AC928327D4000127B6F /* Contact */,
			);
			path = Models;
			sourceTree = "<group>";
		};
		C4B43AC628327B4600127B6F /* Configs */ = {
			isa = PBXGroup;
			children = (
				C4B43AC728327B5500127B6F /* NetworkConfig.swift */,
			);
			path = Configs;
			sourceTree = "<group>";
		};
		C4B43AC928327D4000127B6F /* Contact */ = {
			isa = PBXGroup;
			children = (
				C4B43ACA28327DAD00127B6F /* ContactModel.swift */,
			);
			path = Contact;
			sourceTree = "<group>";
		};
		C4B43ACC28327E5100127B6F /* Device */ = {
			isa = PBXGroup;
			children = (
				C4B43ACD28327E5E00127B6F /* DeviceModel.swift */,
			);
			path = Device;
			sourceTree = "<group>";
		};
		C4B43ACF28327F7200127B6F /* Base */ = {
			isa = PBXGroup;
			children = (
				C4B43AD028327F8100127B6F /* BaseAPIs.swift */,
				C4B43AD228327FFB00127B6F /* KzError.swift */,
				C4B43AD42832801E00127B6F /* KzNetwork.swift */,
				C4B43AD6283280BF00127B6F /* BaseResult.swift */,
				C4B43AD8283280E900127B6F /* KzAPIClient.swift */,
				C4B43ADA2832813600127B6F /* KzNetworkServices.swift */,
				C4B43AE028329E6500127B6F /* RxNetworking.swift */,
			);
			path = Base;
			sourceTree = "<group>";
		};
		C4B43AE22832A3C400127B6F /* Extension */ = {
			isa = PBXGroup;
			children = (
				C4B43AE32832A3D900127B6F /* UIView+Extensions.swift */,
				C4B43AE52832A3F800127B6F /* UIImage+Extensions.swift */,
				C4B43AEB2832A80F00127B6F /* BaseViewController+ErrorHandler.swift */,
				C4B43AFF2832BA5700127B6F /* Optional+Additional.swift */,
				C4B43B032832BCE100127B6F /* RxSwift+Extensions.swift */,
				C4B43B1C2832C81600127B6F /* UITableView+Extensions.swift */,
			);
			path = Extension;
			sourceTree = "<group>";
		};
		C4B43AED2832A88A00127B6F /* Common */ = {
			isa = PBXGroup;
			children = (
				C4B43AEE2832A8BC00127B6F /* ToastView.swift */,
				C4B43AF02832A92B00127B6F /* AlertHelper.swift */,
			);
			path = Common;
			sourceTree = "<group>";
		};
		C4B43AF42832B8A100127B6F /* Rx */ = {
			isa = PBXGroup;
			children = (
				C4B43AE72832A77000127B6F /* BaseViewController+Rx.swift */,
				C4B43AF52832B8C500127B6F /* ViewModelTransformable.swift */,
				C4B43AF92832B97000127B6F /* ViewModelTrackable.swift */,
				C4B43AFB2832B99600127B6F /* ActivityIndicator.swift */,
				C4B43AFD2832B9CD00127B6F /* ErrorTracker.swift */,
			);
			path = Rx;
			sourceTree = "<group>";
		};
		C4B43B052832BF3D00127B6F /* View */ = {
			isa = PBXGroup;
			children = (
				C4B43B0B2832BFA500127B6F /* ListContactViewController.swift */,
				C4B43B0C2832BFA500127B6F /* ListContactViewController.xib */,
			);
			path = View;
			sourceTree = "<group>";
		};
		C4B43B062832BF4300127B6F /* ViewModel */ = {
			isa = PBXGroup;
			children = (
				C4B43B0F2832BFB900127B6F /* ListContactViewModel.swift */,
			);
			path = ViewModel;
			sourceTree = "<group>";
		};
		C4B43B072832BF4B00127B6F /* View */ = {
			isa = PBXGroup;
			children = (
			);
			path = View;
			sourceTree = "<group>";
		};
		C4B43B082832BF5300127B6F /* ViewModel */ = {
			isa = PBXGroup;
			children = (
			);
			path = ViewModel;
			sourceTree = "<group>";
		};
		C4B43B092832BF6300127B6F /* View */ = {
			isa = PBXGroup;
			children = (
				C4B43B132832C14800127B6F /* ListDeviceViewController.swift */,
				C4B43B142832C14800127B6F /* ListDeviceViewController.xib */,
			);
			path = View;
			sourceTree = "<group>";
		};
		C4B43B0A2832BF6800127B6F /* ViewModel */ = {
			isa = PBXGroup;
			children = (
				C4B43B112832C0DD00127B6F /* ListBuyViewModel.swift */,
			);
			path = ViewModel;
			sourceTree = "<group>";
		};
		C4B43B172832C77800127B6F /* CustomCell */ = {
			isa = PBXGroup;
			children = (
				C4B43B182832C79B00127B6F /* DeviceCell.swift */,
				C4B43B192832C79B00127B6F /* DeviceCell.xib */,
			);
			path = CustomCell;
			sourceTree = "<group>";
		};
		C4B43B1E2832CD9D00127B6F /* CustomCell */ = {
			isa = PBXGroup;
			children = (
				C4B43B1F2832CDB300127B6F /* ContactCell.swift */,
				C4B43B202832CDB300127B6F /* ContactCell.xib */,
			);
			path = CustomCell;
			sourceTree = "<group>";
		};
/* End PBXGroup section */

/* Begin PBXNativeTarget section */
		C47018F528315F9F00F6D6D6 /* TodoApp */ = {
			isa = PBXNativeTarget;
			buildConfigurationList = C470192328315FA100F6D6D6 /* Build configuration list for PBXNativeTarget "TodoApp" */;
			buildPhases = (
				7BEC806902F7AC77A26B9BB2 /* [CP] Check Pods Manifest.lock */,
				C47018F228315F9F00F6D6D6 /* Sources */,
				C47018F328315F9F00F6D6D6 /* Frameworks */,
				C47018F428315F9F00F6D6D6 /* Resources */,
				802524E6A67B9DEA05FAE9B7 /* [CP] Embed Pods Frameworks */,
			);
			buildRules = (
			);
			dependencies = (
			);
			name = TodoApp;
			productName = TodoApp;
			productReference = C47018F628315F9F00F6D6D6 /* TodoApp.app */;
			productType = "com.apple.product-type.application";
		};
		C470190E28315FA100F6D6D6 /* TodoAppTests */ = {
			isa = PBXNativeTarget;
			buildConfigurationList = C470192628315FA100F6D6D6 /* Build configuration list for PBXNativeTarget "TodoAppTests" */;
			buildPhases = (
				BB0ED93A42D825C8ABCFD75D /* [CP] Check Pods Manifest.lock */,
				C470190B28315FA100F6D6D6 /* Sources */,
				C470190C28315FA100F6D6D6 /* Frameworks */,
				C470190D28315FA100F6D6D6 /* Resources */,
				7624F426931243027E0C431E /* [CP] Embed Pods Frameworks */,
			);
			buildRules = (
			);
			dependencies = (
				C470191128315FA100F6D6D6 /* PBXTargetDependency */,
			);
			name = TodoAppTests;
			productName = TodoAppTests;
			productReference = C470190F28315FA100F6D6D6 /* TodoAppTests.xctest */;
			productType = "com.apple.product-type.bundle.unit-test";
		};
		C470191828315FA100F6D6D6 /* TodoAppUITests */ = {
			isa = PBXNativeTarget;
			buildConfigurationList = C470192928315FA100F6D6D6 /* Build configuration list for PBXNativeTarget "TodoAppUITests" */;
			buildPhases = (
				1E25419F5C5AC7A1D375C810 /* [CP] Check Pods Manifest.lock */,
				C470191528315FA100F6D6D6 /* Sources */,
				C470191628315FA100F6D6D6 /* Frameworks */,
				C470191728315FA100F6D6D6 /* Resources */,
				FF401FC2E3CF4597DDAFA2EF /* [CP] Embed Pods Frameworks */,
			);
			buildRules = (
			);
			dependencies = (
				C470191B28315FA100F6D6D6 /* PBXTargetDependency */,
			);
			name = TodoAppUITests;
			productName = TodoAppUITests;
			productReference = C470191928315FA100F6D6D6 /* TodoAppUITests.xctest */;
			productType = "com.apple.product-type.bundle.ui-testing";
		};
/* End PBXNativeTarget section */

/* Begin PBXProject section */
		C47018EE28315F9F00F6D6D6 /* Project object */ = {
			isa = PBXProject;
			attributes = {
				BuildIndependentTargetsInParallel = 1;
				LastSwiftUpdateCheck = 1330;
				LastUpgradeCheck = 1330;
				TargetAttributes = {
					C47018F528315F9F00F6D6D6 = {
						CreatedOnToolsVersion = 13.3.1;
					};
					C470190E28315FA100F6D6D6 = {
						CreatedOnToolsVersion = 13.3.1;
						TestTargetID = C47018F528315F9F00F6D6D6;
					};
					C470191828315FA100F6D6D6 = {
						CreatedOnToolsVersion = 13.3.1;
						TestTargetID = C47018F528315F9F00F6D6D6;
					};
				};
			};
			buildConfigurationList = C47018F128315F9F00F6D6D6 /* Build configuration list for PBXProject "TodoApp" */;
			compatibilityVersion = "Xcode 13.0";
			developmentRegion = en;
			hasScannedForEncodings = 0;
			knownRegions = (
				en,
				Base,
			);
			mainGroup = C47018ED28315F9F00F6D6D6;
			productRefGroup = C47018F728315F9F00F6D6D6 /* Products */;
			projectDirPath = "";
			projectRoot = "";
			targets = (
				C47018F528315F9F00F6D6D6 /* TodoApp */,
				C470190E28315FA100F6D6D6 /* TodoAppTests */,
				C470191828315FA100F6D6D6 /* TodoAppUITests */,
			);
		};
/* End PBXProject section */

/* Begin PBXResourcesBuildPhase section */
		C47018F428315F9F00F6D6D6 /* Resources */ = {
			isa = PBXResourcesBuildPhase;
			buildActionMask = 2147483647;
			files = (
				C470190928315FA100F6D6D6 /* LaunchScreen.storyboard in Resources */,
				C4B43B0E2832BFA500127B6F /* ListContactViewController.xib in Resources */,
				C470190628315FA100F6D6D6 /* Assets.xcassets in Resources */,
				C4B43B162832C14800127B6F /* ListDeviceViewController.xib in Resources */,
				C46C2941283160D90090B749 /* HomeViewController.xib in Resources */,
				C4B43B1B2832C79B00127B6F /* DeviceCell.xib in Resources */,
				C4B43B222832CDB300127B6F /* ContactCell.xib in Resources */,
			);
			runOnlyForDeploymentPostprocessing = 0;
		};
		C470190D28315FA100F6D6D6 /* Resources */ = {
			isa = PBXResourcesBuildPhase;
			buildActionMask = 2147483647;
			files = (
			);
			runOnlyForDeploymentPostprocessing = 0;
		};
		C470191728315FA100F6D6D6 /* Resources */ = {
			isa = PBXResourcesBuildPhase;
			buildActionMask = 2147483647;
			files = (
			);
			runOnlyForDeploymentPostprocessing = 0;
		};
/* End PBXResourcesBuildPhase section */

/* Begin PBXShellScriptBuildPhase section */
		1E25419F5C5AC7A1D375C810 /* [CP] Check Pods Manifest.lock */ = {
			isa = PBXShellScriptBuildPhase;
			buildActionMask = 2147483647;
			files = (
			);
			inputFileListPaths = (
			);
			inputPaths = (
				"${PODS_PODFILE_DIR_PATH}/Podfile.lock",
				"${PODS_ROOT}/Manifest.lock",
			);
			name = "[CP] Check Pods Manifest.lock";
			outputFileListPaths = (
			);
			outputPaths = (
				"$(DERIVED_FILE_DIR)/Pods-TodoApp-TodoAppUITests-checkManifestLockResult.txt",
			);
			runOnlyForDeploymentPostprocessing = 0;
			shellPath = /bin/sh;
			shellScript = "diff \"${PODS_PODFILE_DIR_PATH}/Podfile.lock\" \"${PODS_ROOT}/Manifest.lock\" > /dev/null\nif [ $? != 0 ] ; then\n    # print error to STDERR\n    echo \"error: The sandbox is not in sync with the Podfile.lock. Run 'pod install' or update your CocoaPods installation.\" >&2\n    exit 1\nfi\n# This output is used by Xcode 'outputs' to avoid re-running this script phase.\necho \"SUCCESS\" > \"${SCRIPT_OUTPUT_FILE_0}\"\n";
			showEnvVarsInLog = 0;
		};
		7624F426931243027E0C431E /* [CP] Embed Pods Frameworks */ = {
			isa = PBXShellScriptBuildPhase;
			buildActionMask = 2147483647;
			files = (
			);
			inputFileListPaths = (
				"${PODS_ROOT}/Target Support Files/Pods-TodoAppTests/Pods-TodoAppTests-frameworks-${CONFIGURATION}-input-files.xcfilelist",
			);
			name = "[CP] Embed Pods Frameworks";
			outputFileListPaths = (
				"${PODS_ROOT}/Target Support Files/Pods-TodoAppTests/Pods-TodoAppTests-frameworks-${CONFIGURATION}-output-files.xcfilelist",
			);
			runOnlyForDeploymentPostprocessing = 0;
			shellPath = /bin/sh;
			shellScript = "\"${PODS_ROOT}/Target Support Files/Pods-TodoAppTests/Pods-TodoAppTests-frameworks.sh\"\n";
			showEnvVarsInLog = 0;
		};
		7BEC806902F7AC77A26B9BB2 /* [CP] Check Pods Manifest.lock */ = {
			isa = PBXShellScriptBuildPhase;
			buildActionMask = 2147483647;
			files = (
			);
			inputFileListPaths = (
			);
			inputPaths = (
				"${PODS_PODFILE_DIR_PATH}/Podfile.lock",
				"${PODS_ROOT}/Manifest.lock",
			);
			name = "[CP] Check Pods Manifest.lock";
			outputFileListPaths = (
			);
			outputPaths = (
				"$(DERIVED_FILE_DIR)/Pods-TodoApp-checkManifestLockResult.txt",
			);
			runOnlyForDeploymentPostprocessing = 0;
			shellPath = /bin/sh;
			shellScript = "diff \"${PODS_PODFILE_DIR_PATH}/Podfile.lock\" \"${PODS_ROOT}/Manifest.lock\" > /dev/null\nif [ $? != 0 ] ; then\n    # print error to STDERR\n    echo \"error: The sandbox is not in sync with the Podfile.lock. Run 'pod install' or update your CocoaPods installation.\" >&2\n    exit 1\nfi\n# This output is used by Xcode 'outputs' to avoid re-running this script phase.\necho \"SUCCESS\" > \"${SCRIPT_OUTPUT_FILE_0}\"\n";
			showEnvVarsInLog = 0;
		};
		802524E6A67B9DEA05FAE9B7 /* [CP] Embed Pods Frameworks */ = {
			isa = PBXShellScriptBuildPhase;
			buildActionMask = 2147483647;
			files = (
			);
			inputFileListPaths = (
				"${PODS_ROOT}/Target Support Files/Pods-TodoApp/Pods-TodoApp-frameworks-${CONFIGURATION}-input-files.xcfilelist",
			);
			name = "[CP] Embed Pods Frameworks";
			outputFileListPaths = (
				"${PODS_ROOT}/Target Support Files/Pods-TodoApp/Pods-TodoApp-frameworks-${CONFIGURATION}-output-files.xcfilelist",
			);
			runOnlyForDeploymentPostprocessing = 0;
			shellPath = /bin/sh;
			shellScript = "\"${PODS_ROOT}/Target Support Files/Pods-TodoApp/Pods-TodoApp-frameworks.sh\"\n";
			showEnvVarsInLog = 0;
		};
		BB0ED93A42D825C8ABCFD75D /* [CP] Check Pods Manifest.lock */ = {
			isa = PBXShellScriptBuildPhase;
			buildActionMask = 2147483647;
			files = (
			);
			inputFileListPaths = (
			);
			inputPaths = (
				"${PODS_PODFILE_DIR_PATH}/Podfile.lock",
				"${PODS_ROOT}/Manifest.lock",
			);
			name = "[CP] Check Pods Manifest.lock";
			outputFileListPaths = (
			);
			outputPaths = (
				"$(DERIVED_FILE_DIR)/Pods-TodoAppTests-checkManifestLockResult.txt",
			);
			runOnlyForDeploymentPostprocessing = 0;
			shellPath = /bin/sh;
			shellScript = "diff \"${PODS_PODFILE_DIR_PATH}/Podfile.lock\" \"${PODS_ROOT}/Manifest.lock\" > /dev/null\nif [ $? != 0 ] ; then\n    # print error to STDERR\n    echo \"error: The sandbox is not in sync with the Podfile.lock. Run 'pod install' or update your CocoaPods installation.\" >&2\n    exit 1\nfi\n# This output is used by Xcode 'outputs' to avoid re-running this script phase.\necho \"SUCCESS\" > \"${SCRIPT_OUTPUT_FILE_0}\"\n";
			showEnvVarsInLog = 0;
		};
		FF401FC2E3CF4597DDAFA2EF /* [CP] Embed Pods Frameworks */ = {
			isa = PBXShellScriptBuildPhase;
			buildActionMask = 2147483647;
			files = (
			);
			inputFileListPaths = (
				"${PODS_ROOT}/Target Support Files/Pods-TodoApp-TodoAppUITests/Pods-TodoApp-TodoAppUITests-frameworks-${CONFIGURATION}-input-files.xcfilelist",
			);
			name = "[CP] Embed Pods Frameworks";
			outputFileListPaths = (
				"${PODS_ROOT}/Target Support Files/Pods-TodoApp-TodoAppUITests/Pods-TodoApp-TodoAppUITests-frameworks-${CONFIGURATION}-output-files.xcfilelist",
			);
			runOnlyForDeploymentPostprocessing = 0;
			shellPath = /bin/sh;
			shellScript = "\"${PODS_ROOT}/Target Support Files/Pods-TodoApp-TodoAppUITests/Pods-TodoApp-TodoAppUITests-frameworks.sh\"\n";
			showEnvVarsInLog = 0;
		};
/* End PBXShellScriptBuildPhase section */

/* Begin PBXSourcesBuildPhase section */
		C47018F228315F9F00F6D6D6 /* Sources */ = {
			isa = PBXSourcesBuildPhase;
			buildActionMask = 2147483647;
			files = (
				C4B43ADB2832813600127B6F /* KzNetworkServices.swift in Sources */,
				C4B43AD7283280BF00127B6F /* BaseResult.swift in Sources */,
				C47018FA28315F9F00F6D6D6 /* AppDelegate.swift in Sources */,
				C4B43B212832CDB300127B6F /* ContactCell.swift in Sources */,
				C4B43AD128327F8100127B6F /* BaseAPIs.swift in Sources */,
				C4B43B152832C14800127B6F /* ListDeviceViewController.swift in Sources */,
				C4B43AFC2832B99600127B6F /* ActivityIndicator.swift in Sources */,
				C4B43AF12832A92B00127B6F /* AlertHelper.swift in Sources */,
				C4B43AEA2832A7C700127B6F /* ErrorAction.swift in Sources */,
				C4B43AE82832A77000127B6F /* BaseViewController+Rx.swift in Sources */,
				C4B43AF82832B91800127B6F /* BaseViewModel.swift in Sources */,
				C4B43B122832C0DD00127B6F /* ListBuyViewModel.swift in Sources */,
				C4B43AD328327FFB00127B6F /* KzError.swift in Sources */,
				C4B43AC828327B5500127B6F /* NetworkConfig.swift in Sources */,
				C4B43AE42832A3D900127B6F /* UIView+Extensions.swift in Sources */,
				C4B43ACE28327E5E00127B6F /* DeviceModel.swift in Sources */,
				C4B43B1D2832C81600127B6F /* UITableView+Extensions.swift in Sources */,
				C4B43ADF283285B600127B6F /* DeviceAPIs.swift in Sources */,
				C4B43AFE2832B9CD00127B6F /* ErrorTracker.swift in Sources */,
				C4B43ADD2832854900127B6F /* ContactAPIs.swift in Sources */,
				C4B43AD9283280E900127B6F /* KzAPIClient.swift in Sources */,
				C4B43B102832BFB900127B6F /* ListContactViewModel.swift in Sources */,
				C4B43B042832BCE100127B6F /* RxSwift+Extensions.swift in Sources */,
				C4B43AF62832B8C500127B6F /* ViewModelTransformable.swift in Sources */,
				C4B43B1A2832C79B00127B6F /* DeviceCell.swift in Sources */,
				C4B43B002832BA5700127B6F /* Optional+Additional.swift in Sources */,
				C4B43AF32832A96000127B6F /* ScreenCoordinator.swift in Sources */,
				C4B43ACB28327DAD00127B6F /* ContactModel.swift in Sources */,
				C46C2945283161A50090B749 /* BaseViewController.swift in Sources */,
				C4B43AFA2832B97000127B6F /* ViewModelTrackable.swift in Sources */,
				C470190428315F9F00F6D6D6 /* TodoApp.xcdatamodeld in Sources */,
				C46C2940283160D90090B749 /* HomeViewController.swift in Sources */,
				C4B43AE62832A3F800127B6F /* UIImage+Extensions.swift in Sources */,
				C4B43AEC2832A80F00127B6F /* BaseViewController+ErrorHandler.swift in Sources */,
				C4B43AEF2832A8BC00127B6F /* ToastView.swift in Sources */,
				C4B43AD52832801E00127B6F /* KzNetwork.swift in Sources */,
				C4B43B0D2832BFA500127B6F /* ListContactViewController.swift in Sources */,
				C4B43B022832BAD600127B6F /* HomeViewModel.swift in Sources */,
				C4B43AE128329E6500127B6F /* RxNetworking.swift in Sources */,
			);
			runOnlyForDeploymentPostprocessing = 0;
		};
		C470190B28315FA100F6D6D6 /* Sources */ = {
			isa = PBXSourcesBuildPhase;
			buildActionMask = 2147483647;
			files = (
				C470191428315FA100F6D6D6 /* TodoAppTests.swift in Sources */,
			);
			runOnlyForDeploymentPostprocessing = 0;
		};
		C470191528315FA100F6D6D6 /* Sources */ = {
			isa = PBXSourcesBuildPhase;
			buildActionMask = 2147483647;
			files = (
				C470192028315FA100F6D6D6 /* TodoAppUITestsLaunchTests.swift in Sources */,
				C470191E28315FA100F6D6D6 /* TodoAppUITests.swift in Sources */,
			);
			runOnlyForDeploymentPostprocessing = 0;
		};
/* End PBXSourcesBuildPhase section */

/* Begin PBXTargetDependency section */
		C470191128315FA100F6D6D6 /* PBXTargetDependency */ = {
			isa = PBXTargetDependency;
			target = C47018F528315F9F00F6D6D6 /* TodoApp */;
			targetProxy = C470191028315FA100F6D6D6 /* PBXContainerItemProxy */;
		};
		C470191B28315FA100F6D6D6 /* PBXTargetDependency */ = {
			isa = PBXTargetDependency;
			target = C47018F528315F9F00F6D6D6 /* TodoApp */;
			targetProxy = C470191A28315FA100F6D6D6 /* PBXContainerItemProxy */;
		};
/* End PBXTargetDependency section */

/* Begin PBXVariantGroup section */
		C470190728315FA100F6D6D6 /* LaunchScreen.storyboard */ = {
			isa = PBXVariantGroup;
			children = (
				C470190828315FA100F6D6D6 /* Base */,
			);
			name = LaunchScreen.storyboard;
			sourceTree = "<group>";
		};
/* End PBXVariantGroup section */

/* Begin XCBuildConfiguration section */
		C470192128315FA100F6D6D6 /* Debug */ = {
			isa = XCBuildConfiguration;
			buildSettings = {
				ALWAYS_SEARCH_USER_PATHS = NO;
				CLANG_ANALYZER_NONNULL = YES;
				CLANG_ANALYZER_NUMBER_OBJECT_CONVERSION = YES_AGGRESSIVE;
				CLANG_CXX_LANGUAGE_STANDARD = "gnu++17";
				CLANG_ENABLE_MODULES = YES;
				CLANG_ENABLE_OBJC_ARC = YES;
				CLANG_ENABLE_OBJC_WEAK = YES;
				CLANG_WARN_BLOCK_CAPTURE_AUTORELEASING = YES;
				CLANG_WARN_BOOL_CONVERSION = YES;
				CLANG_WARN_COMMA = YES;
				CLANG_WARN_CONSTANT_CONVERSION = YES;
				CLANG_WARN_DEPRECATED_OBJC_IMPLEMENTATIONS = YES;
				CLANG_WARN_DIRECT_OBJC_ISA_USAGE = YES_ERROR;
				CLANG_WARN_DOCUMENTATION_COMMENTS = YES;
				CLANG_WARN_EMPTY_BODY = YES;
				CLANG_WARN_ENUM_CONVERSION = YES;
				CLANG_WARN_INFINITE_RECURSION = YES;
				CLANG_WARN_INT_CONVERSION = YES;
				CLANG_WARN_NON_LITERAL_NULL_CONVERSION = YES;
				CLANG_WARN_OBJC_IMPLICIT_RETAIN_SELF = YES;
				CLANG_WARN_OBJC_LITERAL_CONVERSION = YES;
				CLANG_WARN_OBJC_ROOT_CLASS = YES_ERROR;
				CLANG_WARN_QUOTED_INCLUDE_IN_FRAMEWORK_HEADER = YES;
				CLANG_WARN_RANGE_LOOP_ANALYSIS = YES;
				CLANG_WARN_STRICT_PROTOTYPES = YES;
				CLANG_WARN_SUSPICIOUS_MOVE = YES;
				CLANG_WARN_UNGUARDED_AVAILABILITY = YES_AGGRESSIVE;
				CLANG_WARN_UNREACHABLE_CODE = YES;
				CLANG_WARN__DUPLICATE_METHOD_MATCH = YES;
				COPY_PHASE_STRIP = NO;
				DEBUG_INFORMATION_FORMAT = dwarf;
				ENABLE_STRICT_OBJC_MSGSEND = YES;
				ENABLE_TESTABILITY = YES;
				GCC_C_LANGUAGE_STANDARD = gnu11;
				GCC_DYNAMIC_NO_PIC = NO;
				GCC_NO_COMMON_BLOCKS = YES;
				GCC_OPTIMIZATION_LEVEL = 0;
				GCC_PREPROCESSOR_DEFINITIONS = (
					"DEBUG=1",
					"$(inherited)",
				);
				GCC_WARN_64_TO_32_BIT_CONVERSION = YES;
				GCC_WARN_ABOUT_RETURN_TYPE = YES_ERROR;
				GCC_WARN_UNDECLARED_SELECTOR = YES;
				GCC_WARN_UNINITIALIZED_AUTOS = YES_AGGRESSIVE;
				GCC_WARN_UNUSED_FUNCTION = YES;
				GCC_WARN_UNUSED_VARIABLE = YES;
				IPHONEOS_DEPLOYMENT_TARGET = 15.4;
				MTL_ENABLE_DEBUG_INFO = INCLUDE_SOURCE;
				MTL_FAST_MATH = YES;
				ONLY_ACTIVE_ARCH = YES;
				SDKROOT = iphoneos;
				SWIFT_ACTIVE_COMPILATION_CONDITIONS = DEBUG;
				SWIFT_OPTIMIZATION_LEVEL = "-Onone";
			};
			name = Debug;
		};
		C470192228315FA100F6D6D6 /* Release */ = {
			isa = XCBuildConfiguration;
			buildSettings = {
				ALWAYS_SEARCH_USER_PATHS = NO;
				CLANG_ANALYZER_NONNULL = YES;
				CLANG_ANALYZER_NUMBER_OBJECT_CONVERSION = YES_AGGRESSIVE;
				CLANG_CXX_LANGUAGE_STANDARD = "gnu++17";
				CLANG_ENABLE_MODULES = YES;
				CLANG_ENABLE_OBJC_ARC = YES;
				CLANG_ENABLE_OBJC_WEAK = YES;
				CLANG_WARN_BLOCK_CAPTURE_AUTORELEASING = YES;
				CLANG_WARN_BOOL_CONVERSION = YES;
				CLANG_WARN_COMMA = YES;
				CLANG_WARN_CONSTANT_CONVERSION = YES;
				CLANG_WARN_DEPRECATED_OBJC_IMPLEMENTATIONS = YES;
				CLANG_WARN_DIRECT_OBJC_ISA_USAGE = YES_ERROR;
				CLANG_WARN_DOCUMENTATION_COMMENTS = YES;
				CLANG_WARN_EMPTY_BODY = YES;
				CLANG_WARN_ENUM_CONVERSION = YES;
				CLANG_WARN_INFINITE_RECURSION = YES;
				CLANG_WARN_INT_CONVERSION = YES;
				CLANG_WARN_NON_LITERAL_NULL_CONVERSION = YES;
				CLANG_WARN_OBJC_IMPLICIT_RETAIN_SELF = YES;
				CLANG_WARN_OBJC_LITERAL_CONVERSION = YES;
				CLANG_WARN_OBJC_ROOT_CLASS = YES_ERROR;
				CLANG_WARN_QUOTED_INCLUDE_IN_FRAMEWORK_HEADER = YES;
				CLANG_WARN_RANGE_LOOP_ANALYSIS = YES;
				CLANG_WARN_STRICT_PROTOTYPES = YES;
				CLANG_WARN_SUSPICIOUS_MOVE = YES;
				CLANG_WARN_UNGUARDED_AVAILABILITY = YES_AGGRESSIVE;
				CLANG_WARN_UNREACHABLE_CODE = YES;
				CLANG_WARN__DUPLICATE_METHOD_MATCH = YES;
				COPY_PHASE_STRIP = NO;
				DEBUG_INFORMATION_FORMAT = "dwarf-with-dsym";
				ENABLE_NS_ASSERTIONS = NO;
				ENABLE_STRICT_OBJC_MSGSEND = YES;
				GCC_C_LANGUAGE_STANDARD = gnu11;
				GCC_NO_COMMON_BLOCKS = YES;
				GCC_WARN_64_TO_32_BIT_CONVERSION = YES;
				GCC_WARN_ABOUT_RETURN_TYPE = YES_ERROR;
				GCC_WARN_UNDECLARED_SELECTOR = YES;
				GCC_WARN_UNINITIALIZED_AUTOS = YES_AGGRESSIVE;
				GCC_WARN_UNUSED_FUNCTION = YES;
				GCC_WARN_UNUSED_VARIABLE = YES;
				IPHONEOS_DEPLOYMENT_TARGET = 15.4;
				MTL_ENABLE_DEBUG_INFO = NO;
				MTL_FAST_MATH = YES;
				SDKROOT = iphoneos;
				SWIFT_COMPILATION_MODE = wholemodule;
				SWIFT_OPTIMIZATION_LEVEL = "-O";
				VALIDATE_PRODUCT = YES;
			};
			name = Release;
		};
		C470192428315FA100F6D6D6 /* Debug */ = {
			isa = XCBuildConfiguration;
			baseConfigurationReference = A7F41F86B08FFFEDEB015988 /* Pods-TodoApp.debug.xcconfig */;
			buildSettings = {
				ASSETCATALOG_COMPILER_APPICON_NAME = AppIcon;
				ASSETCATALOG_COMPILER_GLOBAL_ACCENT_COLOR_NAME = AccentColor;
				CODE_SIGN_STYLE = Automatic;
				CURRENT_PROJECT_VERSION = 1;
				DEVELOPMENT_TEAM = F7M5X9GXV9;
				GENERATE_INFOPLIST_FILE = YES;
				INFOPLIST_FILE = TodoApp/Info.plist;
				INFOPLIST_KEY_UIApplicationSupportsIndirectInputEvents = YES;
				INFOPLIST_KEY_UILaunchStoryboardName = LaunchScreen;
				INFOPLIST_KEY_UISupportedInterfaceOrientations_iPad = "UIInterfaceOrientationPortrait UIInterfaceOrientationPortraitUpsideDown UIInterfaceOrientationLandscapeLeft UIInterfaceOrientationLandscapeRight";
				INFOPLIST_KEY_UISupportedInterfaceOrientations_iPhone = "UIInterfaceOrientationPortrait UIInterfaceOrientationLandscapeLeft UIInterfaceOrientationLandscapeRight";
				IPHONEOS_DEPLOYMENT_TARGET = 13.0;
				LD_RUNPATH_SEARCH_PATHS = (
					"$(inherited)",
					"@executable_path/Frameworks",
				);
				MARKETING_VERSION = 1.0;
				PRODUCT_BUNDLE_IDENTIFIER = com.tris.TodoApp;
				PRODUCT_NAME = "$(TARGET_NAME)";
				SWIFT_EMIT_LOC_STRINGS = YES;
				SWIFT_VERSION = 5.0;
				TARGETED_DEVICE_FAMILY = "1,2";
			};
			name = Debug;
		};
		C470192528315FA100F6D6D6 /* Release */ = {
			isa = XCBuildConfiguration;
			baseConfigurationReference = 370748B5B2340FC2A213A691 /* Pods-TodoApp.release.xcconfig */;
			buildSettings = {
				ASSETCATALOG_COMPILER_APPICON_NAME = AppIcon;
				ASSETCATALOG_COMPILER_GLOBAL_ACCENT_COLOR_NAME = AccentColor;
				CODE_SIGN_STYLE = Automatic;
				CURRENT_PROJECT_VERSION = 1;
				DEVELOPMENT_TEAM = F7M5X9GXV9;
				GENERATE_INFOPLIST_FILE = YES;
				INFOPLIST_FILE = TodoApp/Info.plist;
				INFOPLIST_KEY_UIApplicationSupportsIndirectInputEvents = YES;
				INFOPLIST_KEY_UILaunchStoryboardName = LaunchScreen;
				INFOPLIST_KEY_UISupportedInterfaceOrientations_iPad = "UIInterfaceOrientationPortrait UIInterfaceOrientationPortraitUpsideDown UIInterfaceOrientationLandscapeLeft UIInterfaceOrientationLandscapeRight";
				INFOPLIST_KEY_UISupportedInterfaceOrientations_iPhone = "UIInterfaceOrientationPortrait UIInterfaceOrientationLandscapeLeft UIInterfaceOrientationLandscapeRight";
				IPHONEOS_DEPLOYMENT_TARGET = 13.0;
				LD_RUNPATH_SEARCH_PATHS = (
					"$(inherited)",
					"@executable_path/Frameworks",
				);
				MARKETING_VERSION = 1.0;
				PRODUCT_BUNDLE_IDENTIFIER = com.tris.TodoApp;
				PRODUCT_NAME = "$(TARGET_NAME)";
				SWIFT_EMIT_LOC_STRINGS = YES;
				SWIFT_VERSION = 5.0;
				TARGETED_DEVICE_FAMILY = "1,2";
			};
			name = Release;
		};
		C470192728315FA100F6D6D6 /* Debug */ = {
			isa = XCBuildConfiguration;
			baseConfigurationReference = 4517051F9AA181AB8D55D18D /* Pods-TodoAppTests.debug.xcconfig */;
			buildSettings = {
				ALWAYS_EMBED_SWIFT_STANDARD_LIBRARIES = YES;
				BUNDLE_LOADER = "$(TEST_HOST)";
				CODE_SIGN_STYLE = Automatic;
				CURRENT_PROJECT_VERSION = 1;
				DEVELOPMENT_TEAM = F7M5X9GXV9;
				GENERATE_INFOPLIST_FILE = YES;
				IPHONEOS_DEPLOYMENT_TARGET = 15.4;
				MARKETING_VERSION = 1.0;
				PRODUCT_BUNDLE_IDENTIFIER = com.tris.TodoAppTests;
				PRODUCT_NAME = "$(TARGET_NAME)";
				SWIFT_EMIT_LOC_STRINGS = NO;
				SWIFT_VERSION = 5.0;
				TARGETED_DEVICE_FAMILY = "1,2";
				TEST_HOST = "$(BUILT_PRODUCTS_DIR)/TodoApp.app/TodoApp";
			};
			name = Debug;
		};
		C470192828315FA100F6D6D6 /* Release */ = {
			isa = XCBuildConfiguration;
			baseConfigurationReference = 19FE9DF0F8199E68CDD114A1 /* Pods-TodoAppTests.release.xcconfig */;
			buildSettings = {
				ALWAYS_EMBED_SWIFT_STANDARD_LIBRARIES = YES;
				BUNDLE_LOADER = "$(TEST_HOST)";
				CODE_SIGN_STYLE = Automatic;
				CURRENT_PROJECT_VERSION = 1;
				DEVELOPMENT_TEAM = F7M5X9GXV9;
				GENERATE_INFOPLIST_FILE = YES;
				IPHONEOS_DEPLOYMENT_TARGET = 15.4;
				MARKETING_VERSION = 1.0;
				PRODUCT_BUNDLE_IDENTIFIER = com.tris.TodoAppTests;
				PRODUCT_NAME = "$(TARGET_NAME)";
				SWIFT_EMIT_LOC_STRINGS = NO;
				SWIFT_VERSION = 5.0;
				TARGETED_DEVICE_FAMILY = "1,2";
				TEST_HOST = "$(BUILT_PRODUCTS_DIR)/TodoApp.app/TodoApp";
			};
			name = Release;
		};
		C470192A28315FA100F6D6D6 /* Debug */ = {
			isa = XCBuildConfiguration;
			baseConfigurationReference = 0E6ED1B976F2A15136B38E6F /* Pods-TodoApp-TodoAppUITests.debug.xcconfig */;
			buildSettings = {
				ALWAYS_EMBED_SWIFT_STANDARD_LIBRARIES = YES;
				CODE_SIGN_STYLE = Automatic;
				CURRENT_PROJECT_VERSION = 1;
				DEVELOPMENT_TEAM = F7M5X9GXV9;
				GENERATE_INFOPLIST_FILE = YES;
				MARKETING_VERSION = 1.0;
				PRODUCT_BUNDLE_IDENTIFIER = com.tris.TodoAppUITests;
				PRODUCT_NAME = "$(TARGET_NAME)";
				SWIFT_EMIT_LOC_STRINGS = NO;
				SWIFT_VERSION = 5.0;
				TARGETED_DEVICE_FAMILY = "1,2";
				TEST_TARGET_NAME = TodoApp;
			};
			name = Debug;
		};
		C470192B28315FA100F6D6D6 /* Release */ = {
			isa = XCBuildConfiguration;
			baseConfigurationReference = FFE156A94BF61AF234835EA7 /* Pods-TodoApp-TodoAppUITests.release.xcconfig */;
			buildSettings = {
				ALWAYS_EMBED_SWIFT_STANDARD_LIBRARIES = YES;
				CODE_SIGN_STYLE = Automatic;
				CURRENT_PROJECT_VERSION = 1;
				DEVELOPMENT_TEAM = F7M5X9GXV9;
				GENERATE_INFOPLIST_FILE = YES;
				MARKETING_VERSION = 1.0;
				PRODUCT_BUNDLE_IDENTIFIER = com.tris.TodoAppUITests;
				PRODUCT_NAME = "$(TARGET_NAME)";
				SWIFT_EMIT_LOC_STRINGS = NO;
				SWIFT_VERSION = 5.0;
				TARGETED_DEVICE_FAMILY = "1,2";
				TEST_TARGET_NAME = TodoApp;
			};
			name = Release;
		};
/* End XCBuildConfiguration section */

/* Begin XCConfigurationList section */
		C47018F128315F9F00F6D6D6 /* Build configuration list for PBXProject "TodoApp" */ = {
			isa = XCConfigurationList;
			buildConfigurations = (
				C470192128315FA100F6D6D6 /* Debug */,
				C470192228315FA100F6D6D6 /* Release */,
			);
			defaultConfigurationIsVisible = 0;
			defaultConfigurationName = Release;
		};
		C470192328315FA100F6D6D6 /* Build configuration list for PBXNativeTarget "TodoApp" */ = {
			isa = XCConfigurationList;
			buildConfigurations = (
				C470192428315FA100F6D6D6 /* Debug */,
				C470192528315FA100F6D6D6 /* Release */,
			);
			defaultConfigurationIsVisible = 0;
			defaultConfigurationName = Release;
		};
		C470192628315FA100F6D6D6 /* Build configuration list for PBXNativeTarget "TodoAppTests" */ = {
			isa = XCConfigurationList;
			buildConfigurations = (
				C470192728315FA100F6D6D6 /* Debug */,
				C470192828315FA100F6D6D6 /* Release */,
			);
			defaultConfigurationIsVisible = 0;
			defaultConfigurationName = Release;
		};
		C470192928315FA100F6D6D6 /* Build configuration list for PBXNativeTarget "TodoAppUITests" */ = {
			isa = XCConfigurationList;
			buildConfigurations = (
				C470192A28315FA100F6D6D6 /* Debug */,
				C470192B28315FA100F6D6D6 /* Release */,
			);
			defaultConfigurationIsVisible = 0;
			defaultConfigurationName = Release;
		};
/* End XCConfigurationList section */

/* Begin XCVersionGroup section */
		C470190228315F9F00F6D6D6 /* TodoApp.xcdatamodeld */ = {
			isa = XCVersionGroup;
			children = (
				C470190328315F9F00F6D6D6 /* TodoApp.xcdatamodel */,
			);
			currentVersion = C470190328315F9F00F6D6D6 /* TodoApp.xcdatamodel */;
			path = TodoApp.xcdatamodeld;
			sourceTree = "<group>";
			versionGroupType = wrapper.xcdatamodel;
		};
/* End XCVersionGroup section */
	};
	rootObject = C47018EE28315F9F00F6D6D6 /* Project object */;
}
